Microsoft Visual Studio Solution File, Format Version 12.00
# Visual Studio Version 17
VisualStudioVersion = 17.5.2.0
MinimumVisualStudioVersion = 10.0.40219.1
Project("{FAE04EC0-301F-11D3-BF4B-00C04F79EFBC}") = "pharmacy-api", "pharmacy-api.csproj", "{C9A9CD96-3761-E768-82EC-75C53D080255}"
EndProject
Global
	GlobalSection(SolutionConfigurationPlatforms) = preSolution
		Debug|Any CPU = Debug|Any CPU
		Release|Any CPU = Release|Any CPU
	EndGlobalSection
	GlobalSection(ProjectConfigurationPlatforms) = postSolution
		{C9A9CD96-3761-E768-82EC-75C53D080255}.Debug|Any CPU.ActiveCfg = Debug|Any CPU
		{C9A9CD96-3761-E768-82EC-75C53D080255}.Debug|Any CPU.Build.0 = Debug|Any CPU
		{C9A9CD96-3761-E768-82EC-75C53D080255}.Release|Any CPU.ActiveCfg = Release|Any CPU
		{C9A9CD96-3761-E768-82EC-75C53D080255}.Release|Any CPU.Build.0 = Release|Any CPU
	EndGlobalSection
	GlobalSection(SolutionProperties) = preSolution
		HideSolutionNode = FALSE
	EndGlobalSection
	GlobalSection(ExtensibilityGlobals) = postSolution
		SolutionGuid = {06EA0E7A-5C10-4A9E-AB4B-D046C8B62611}
	EndGlobalSection
EndGlobal
